
Microsoft Visual Studio Solution File, Format Version 12.00
# Visual Studio Version 16
VisualStudioVersion = 16.0.32228.343
MinimumVisualStudioVersion = 10.0.40219.1
Project("{FAE04EC0-301F-11D3-BF4B-00C04F79EFBC}") = "Factory Method", "Factory Method\Factory Method.csproj", "{1C415983-0709-4350-BC72-4B426C5BE21E}"
EndProject
Global
	GlobalSection(SolutionConfigurationPlatforms) = preSolution
		Debug|Any CPU = Debug|Any CPU
		Release|Any CPU = Release|Any CPU
	EndGlobalSection
	GlobalSection(ProjectConfigurationPlatforms) = postSolution
		{1C415983-0709-4350-BC72-4B426C5BE21E}.Debug|Any CPU.ActiveCfg = Debug|Any CPU
		{1C415983-0709-4350-BC72-4B426C5BE21E}.Debug|Any CPU.Build.0 = Debug|Any CPU
		{1C415983-0709-4350-BC72-4B426C5BE21E}.Release|Any CPU.ActiveCfg = Release|Any CPU
		{1C415983-0709-4350-BC72-4B426C5BE21E}.Release|Any CPU.Build.0 = Release|Any CPU
	EndGlobalSection
	GlobalSection(SolutionProperties) = preSolution
		HideSolutionNode = FALSE
	EndGlobalSection
	GlobalSection(ExtensibilityGlobals) = postSolution
		SolutionGuid = {079A013C-D74B-4302-A25F-A3FF11ABE578}
	EndGlobalSection
EndGlobal
